{
  "name": "src",
  "lockfileVersion": 2,
  "requires": true,
  "packages": {
    "": {
      "devDependencies": {
        "serverless-ignore": "^0.2.1"
      }
    },
    "node_modules/ignore": {
      "version": "3.3.10",
      "resolved": "https://registry.npmjs.org/ignore/-/ignore-3.3.10.tgz",
      "integrity": "sha512-Pgs951kaMm5GXP7MOvxERINe3gsaVjUWFm+UZPSq9xYriQAksyhg0csnS0KXSNRD5NmNdapXEpjxG49+AKh/ug==",
      "dev": true
    },
    "node_modules/serverless-ignore": {
      "version": "0.2.1",
      "resolved": "https://registry.npmjs.org/serverless-ignore/-/serverless-ignore-0.2.1.tgz",
      "integrity": "sha512-ey7tWHcgEHWYWWnQaQjRACcZrScaJrHuxK/ncZefg++rBW8godlM8FP34cKVSeSd1HAxkYECNso7qjQKn8S92g==",
      "dev": true,
      "dependencies": {
        "ignore": "^3.3.8"
      }
    }
  },
  "dependencies": {
    "ignore": {
      "version": "3.3.10",
      "resolved": "https://registry.npmjs.org/ignore/-/ignore-3.3.10.tgz",
      "integrity": "sha512-Pgs951kaMm5GXP7MOvxERINe3gsaVjUWFm+UZPSq9xYriQAksyhg0csnS0KXSNRD5NmNdapXEpjxG49+AKh/ug==",
      "dev": true
    },
    "serverless-ignore": {
      "version": "0.2.1",
      "resolved": "https://registry.npmjs.org/serverless-ignore/-/serverless-ignore-0.2.1.tgz",
      "integrity": "sha512-ey7tWHcgEHWYWWnQaQjRACcZrScaJrHuxK/ncZefg++rBW8godlM8FP34cKVSeSd1HAxkYECNso7qjQKn8S92g==",
      "dev": true,
      "requires": {
        "ignore": "^3.3.8"
      }
    }
  }
}
